
Microsoft Visual Studio Solution File, Format Version 12.00
# Visual Studio Version 17
VisualStudioVersion = 17.5.33627.172
MinimumVisualStudioVersion = 10.0.40219.1
Project("{FAE04EC0-301F-11D3-BF4B-00C04F79EFBC}") = "newAppwithLINQ", "newAppwithLINQ.csproj", "{53EE4C9D-FA17-46EC-BA01-F70908D29284}"
EndProject
Global
	GlobalSection(SolutionConfigurationPlatforms) = preSolution
		Debug|Any CPU = Debug|Any CPU
		Release|Any CPU = Release|Any CPU
	EndGlobalSection
	GlobalSection(ProjectConfigurationPlatforms) = postSolution
		{53EE4C9D-FA17-46EC-BA01-F70908D29284}.Debug|Any CPU.ActiveCfg = Debug|Any CPU
		{53EE4C9D-FA17-46EC-BA01-F70908D29284}.Debug|Any CPU.Build.0 = Debug|Any CPU
		{53EE4C9D-FA17-46EC-BA01-F70908D29284}.Release|Any CPU.ActiveCfg = Release|Any CPU
		{53EE4C9D-FA17-46EC-BA01-F70908D29284}.Release|Any CPU.Build.0 = Release|Any CPU
	EndGlobalSection
	GlobalSection(SolutionProperties) = preSolution
		HideSolutionNode = FALSE
	EndGlobalSection
	GlobalSection(ExtensibilityGlobals) = postSolution
		SolutionGuid = {414B4567-A2FA-4BCA-B40F-2D322B1BAB67}
	EndGlobalSection
EndGlobal
